
Microsoft Visual Studio Solution File, Format Version 12.00
# Visual Studio Version 17
VisualStudioVersion = 17.6.33815.320
MinimumVisualStudioVersion = 10.0.40219.1
Project("{FAE04EC0-301F-11D3-BF4B-00C04F79EFBC}") = "ArtPlusLogicAssignment", "ArtPlusLogicAssignment\ArtPlusLogicAssignment.csproj", "{DD3B952D-522D-4E6B-BD68-DCCDBF60A2B0}"
EndProject
Global
	GlobalSection(SolutionConfigurationPlatforms) = preSolution
		Debug|Any CPU = Debug|Any CPU
		Release|Any CPU = Release|Any CPU
	EndGlobalSection
	GlobalSection(ProjectConfigurationPlatforms) = postSolution
		{DD3B952D-522D-4E6B-BD68-DCCDBF60A2B0}.Debug|Any CPU.ActiveCfg = Debug|Any CPU
		{DD3B952D-522D-4E6B-BD68-DCCDBF60A2B0}.Debug|Any CPU.Build.0 = Debug|Any CPU
		{DD3B952D-522D-4E6B-BD68-DCCDBF60A2B0}.Release|Any CPU.ActiveCfg = Release|Any CPU
		{DD3B952D-522D-4E6B-BD68-DCCDBF60A2B0}.Release|Any CPU.Build.0 = Release|Any CPU
	EndGlobalSection
	GlobalSection(SolutionProperties) = preSolution
		HideSolutionNode = FALSE
	EndGlobalSection
	GlobalSection(ExtensibilityGlobals) = postSolution
		SolutionGuid = {64A80AC4-6CD8-4144-98B9-98E4823CBC1F}
	EndGlobalSection
EndGlobal
